
Microsoft Visual Studio Solution File, Format Version 12.00
# Visual Studio Version 17
VisualStudioVersion = 17.11.35303.130
MinimumVisualStudioVersion = 10.0.40219.1
Project("{2150E333-8FDC-42A3-9474-1A3956D46DE8}") = "Task0", "Task0", "{6BB7CEDC-1D6D-4EC4-8918-E26996DC49BA}"
EndProject
Project("{9A19103F-16F7-4668-BE54-9A1E7A4F7556}") = "Tyuiu.AlshinAF.Sprint1.Task0.V5", "Tyuiu.AlshinAF.Sprint1.Task0.V5\Tyuiu.AlshinAF.Sprint1.Task0.V5.csproj", "{A6E448DB-A69D-465A-9F74-AC52C435098E}"
EndProject
Project("{9A19103F-16F7-4668-BE54-9A1E7A4F7556}") = "Tyuiu.AlshinAF.Sprint1.Task0.V5.Lib", "Tyuiu.AlshinAF.Sprint1.Task0.V5.Lib\Tyuiu.AlshinAF.Sprint1.Task0.V5.Lib.csproj", "{38541CDD-2E93-4E48-B3C1-BA27B75DBDA3}"
EndProject
Project("{9A19103F-16F7-4668-BE54-9A1E7A4F7556}") = "Tyuiu.AlshinAF.Sprint1.Task0.V5.Test", "Tyuiu.AlshinAF.Sprint1.Task0.V5.Test\Tyuiu.AlshinAF.Sprint1.Task0.V5.Test.csproj", "{7EE680C3-0D5F-4579-8FEF-27447E6D85A8}"
EndProject
Project("{2150E333-8FDC-42A3-9474-1A3956D46DE8}") = "Task1", "Task1", "{6A5A0052-3E54-4013-90F6-5E2CDE2B0560}"
EndProject
Project("{9A19103F-16F7-4668-BE54-9A1E7A4F7556}") = "Tyuiu.AlshinAF.Sprint1.Task1.V25.Test", "Tyuiu.AlshinAF.Sprint1.Task1.V25.Test\Tyuiu.AlshinAF.Sprint1.Task1.V25.Test.csproj", "{F46B4DCC-4221-47E4-915E-CAE6F0E05999}"
EndProject
Project("{9A19103F-16F7-4668-BE54-9A1E7A4F7556}") = "Tyuiu.AlshinAF.Sprint1.Task1.V25.Lib", "Tyuiu.AlshinAF.Sprint1.Task1.V25.Lib\Tyuiu.AlshinAF.Sprint1.Task1.V25.Lib.csproj", "{3F305DD6-4B92-4BBB-9F08-82120F182578}"
EndProject
Project("{9A19103F-16F7-4668-BE54-9A1E7A4F7556}") = "Tyuiu.AlshinAF.Sprint1.Task1.V25", "Tyuiu.AlshinAF.Sprint1.Task1.V25\Tyuiu.AlshinAF.Sprint1.Task1.V25.csproj", "{05596606-77A6-4571-B57F-171864B4DE5D}"
EndProject
Project("{2150E333-8FDC-42A3-9474-1A3956D46DE8}") = "Task2", "Task2", "{5D154E58-A1F5-42AD-8AA2-C364BBA03208}"
EndProject
Project("{9A19103F-16F7-4668-BE54-9A1E7A4F7556}") = "Tyuiu.AlshinAF.Sprint1.Task2.V11", "Tyuiu.AlshinAF.Sprint1.Task2.V11\Tyuiu.AlshinAF.Sprint1.Task2.V11.csproj", "{B645CB2F-3ADB-4131-9793-5D3BB175E956}"
EndProject
Project("{9A19103F-16F7-4668-BE54-9A1E7A4F7556}") = "Tyuiu.AlshinAF.Sprint1.Task2.V11.Lib", "Tyuiu.AlshinAF.Sprint1.Task2.V11.Lib\Tyuiu.AlshinAF.Sprint1.Task2.V11.Lib.csproj", "{EF01CDFB-E456-425D-BFD0-22C6B54B7004}"
EndProject
Project("{9A19103F-16F7-4668-BE54-9A1E7A4F7556}") = "Tyuiu.AlshinAF.Sprint1.Task2.V11.Test", "Tyuiu.AlshinAF.Sprint1.Task2.V11.Test\Tyuiu.AlshinAF.Sprint1.Task2.V11.Test.csproj", "{FD091DF9-A4C9-437D-B54D-C9360752695C}"
EndProject
Project("{2150E333-8FDC-42A3-9474-1A3956D46DE8}") = "Task3", "Task3", "{19B55D75-E36D-446B-8FBA-B873453FF7F4}"
EndProject
Project("{9A19103F-16F7-4668-BE54-9A1E7A4F7556}") = "Tyuiu.AlshinAF.Sprint1.Task3.V13", "Tyuiu.AlshinAF.Sprint1.Task3.V13\Tyuiu.AlshinAF.Sprint1.Task3.V13.csproj", "{ADF34BC1-2D47-4214-899E-323C0C747EC7}"
EndProject
Project("{9A19103F-16F7-4668-BE54-9A1E7A4F7556}") = "Tyuiu.AlshinAF.Sprint1.Task3.V13.Test", "Tyuiu.AlshinAF.Sprint1.Task3.V13.Test\Tyuiu.AlshinAF.Sprint1.Task3.V13.Test.csproj", "{F84149B5-1446-4DDA-9EF7-114EBB1BA2E2}"
EndProject
Project("{9A19103F-16F7-4668-BE54-9A1E7A4F7556}") = "Tyuiu.AlshinAF.Sprint1.Task3.V13.Lib", "Tyuiu.AlshinAF.Sprint1.Task3.V13.Lib\Tyuiu.AlshinAF.Sprint1.Task3.V13.Lib.csproj", "{35ED8F09-5DEC-43A7-B9AC-08F5CE56EA64}"
EndProject
Project("{2150E333-8FDC-42A3-9474-1A3956D46DE8}") = "Task4", "Task4", "{C0E5D80A-C70F-4BF1-B5BD-D3A698E03DE5}"
EndProject
Project("{FAE04EC0-301F-11D3-BF4B-00C04F79EFBC}") = "Tyuiu.AlshinAF.Sprint1.Task4.V23.Lib", "Tyuiu.AlshinAF.Sprint1.Task4.V23.Lib\Tyuiu.AlshinAF.Sprint1.Task4.V23.Lib.csproj", "{23F6C5A7-6887-4BF5-9861-7C8BCB8F2F4F}"
EndProject
Project("{FAE04EC0-301F-11D3-BF4B-00C04F79EFBC}") = "Tyuiu.AlshinAF.Sprint1.Task4.V23.Test", "Tyuiu.AlshinAF.Sprint1.Task4.V23.Test\Tyuiu.AlshinAF.Sprint1.Task4.V23.Test.csproj", "{D869749B-6842-4D9A-9269-65C6CC9B7D16}"
EndProject
Project("{FAE04EC0-301F-11D3-BF4B-00C04F79EFBC}") = "Tyuiu.AlshinAF.Sprint1.Task4.V23", "Tyuiu.AlshinAF.Sprint1.Task4.V23\Tyuiu.AlshinAF.Sprint1.Task4.V23.csproj", "{0841D5B3-2405-4BB0-8336-9279298188CA}"
EndProject
Global
	GlobalSection(SolutionConfigurationPlatforms) = preSolution
		Debug|Any CPU = Debug|Any CPU
		Release|Any CPU = Release|Any CPU
	EndGlobalSection
	GlobalSection(ProjectConfigurationPlatforms) = postSolution
		{A6E448DB-A69D-465A-9F74-AC52C435098E}.Debug|Any CPU.ActiveCfg = Debug|Any CPU
		{A6E448DB-A69D-465A-9F74-AC52C435098E}.Debug|Any CPU.Build.0 = Debug|Any CPU
		{A6E448DB-A69D-465A-9F74-AC52C435098E}.Release|Any CPU.ActiveCfg = Release|Any CPU
		{A6E448DB-A69D-465A-9F74-AC52C435098E}.Release|Any CPU.Build.0 = Release|Any CPU
		{38541CDD-2E93-4E48-B3C1-BA27B75DBDA3}.Debug|Any CPU.ActiveCfg = Debug|Any CPU
		{38541CDD-2E93-4E48-B3C1-BA27B75DBDA3}.Debug|Any CPU.Build.0 = Debug|Any CPU
		{38541CDD-2E93-4E48-B3C1-BA27B75DBDA3}.Release|Any CPU.ActiveCfg = Release|Any CPU
		{38541CDD-2E93-4E48-B3C1-BA27B75DBDA3}.Release|Any CPU.Build.0 = Release|Any CPU
		{7EE680C3-0D5F-4579-8FEF-27447E6D85A8}.Debug|Any CPU.ActiveCfg = Debug|Any CPU
		{7EE680C3-0D5F-4579-8FEF-27447E6D85A8}.Debug|Any CPU.Build.0 = Debug|Any CPU
		{7EE680C3-0D5F-4579-8FEF-27447E6D85A8}.Release|Any CPU.ActiveCfg = Release|Any CPU
		{7EE680C3-0D5F-4579-8FEF-27447E6D85A8}.Release|Any CPU.Build.0 = Release|Any CPU
		{F46B4DCC-4221-47E4-915E-CAE6F0E05999}.Debug|Any CPU.ActiveCfg = Debug|Any CPU
		{F46B4DCC-4221-47E4-915E-CAE6F0E05999}.Debug|Any CPU.Build.0 = Debug|Any CPU
		{F46B4DCC-4221-47E4-915E-CAE6F0E05999}.Release|Any CPU.ActiveCfg = Release|Any CPU
		{F46B4DCC-4221-47E4-915E-CAE6F0E05999}.Release|Any CPU.Build.0 = Release|Any CPU
		{3F305DD6-4B92-4BBB-9F08-82120F182578}.Debug|Any CPU.ActiveCfg = Debug|Any CPU
		{3F305DD6-4B92-4BBB-9F08-82120F182578}.Debug|Any CPU.Build.0 = Debug|Any CPU
		{3F305DD6-4B92-4BBB-9F08-82120F182578}.Release|Any CPU.ActiveCfg = Release|Any CPU
		{3F305DD6-4B92-4BBB-9F08-82120F182578}.Release|Any CPU.Build.0 = Release|Any CPU
		{05596606-77A6-4571-B57F-171864B4DE5D}.Debug|Any CPU.ActiveCfg = Debug|Any CPU
		{05596606-77A6-4571-B57F-171864B4DE5D}.Debug|Any CPU.Build.0 = Debug|Any CPU
		{05596606-77A6-4571-B57F-171864B4DE5D}.Release|Any CPU.ActiveCfg = Release|Any CPU
		{05596606-77A6-4571-B57F-171864B4DE5D}.Release|Any CPU.Build.0 = Release|Any CPU
		{B645CB2F-3ADB-4131-9793-5D3BB175E956}.Debug|Any CPU.ActiveCfg = Debug|Any CPU
		{B645CB2F-3ADB-4131-9793-5D3BB175E956}.Debug|Any CPU.Build.0 = Debug|Any CPU
		{B645CB2F-3ADB-4131-9793-5D3BB175E956}.Release|Any CPU.ActiveCfg = Release|Any CPU
		{B645CB2F-3ADB-4131-9793-5D3BB175E956}.Release|Any CPU.Build.0 = Release|Any CPU
		{EF01CDFB-E456-425D-BFD0-22C6B54B7004}.Debug|Any CPU.ActiveCfg = Debug|Any CPU
		{EF01CDFB-E456-425D-BFD0-22C6B54B7004}.Debug|Any CPU.Build.0 = Debug|Any CPU
		{EF01CDFB-E456-425D-BFD0-22C6B54B7004}.Release|Any CPU.ActiveCfg = Release|Any CPU
		{EF01CDFB-E456-425D-BFD0-22C6B54B7004}.Release|Any CPU.Build.0 = Release|Any CPU
		{FD091DF9-A4C9-437D-B54D-C9360752695C}.Debug|Any CPU.ActiveCfg = Debug|Any CPU
		{FD091DF9-A4C9-437D-B54D-C9360752695C}.Debug|Any CPU.Build.0 = Debug|Any CPU
		{FD091DF9-A4C9-437D-B54D-C9360752695C}.Release|Any CPU.ActiveCfg = Release|Any CPU
		{FD091DF9-A4C9-437D-B54D-C9360752695C}.Release|Any CPU.Build.0 = Release|Any CPU
		{ADF34BC1-2D47-4214-899E-323C0C747EC7}.Debug|Any CPU.ActiveCfg = Debug|Any CPU
		{ADF34BC1-2D47-4214-899E-323C0C747EC7}.Debug|Any CPU.Build.0 = Debug|Any CPU
		{ADF34BC1-2D47-4214-899E-323C0C747EC7}.Release|Any CPU.ActiveCfg = Release|Any CPU
		{ADF34BC1-2D47-4214-899E-323C0C747EC7}.Release|Any CPU.Build.0 = Release|Any CPU
		{F84149B5-1446-4DDA-9EF7-114EBB1BA2E2}.Debug|Any CPU.ActiveCfg = Debug|Any CPU
		{F84149B5-1446-4DDA-9EF7-114EBB1BA2E2}.Debug|Any CPU.Build.0 = Debug|Any CPU
		{F84149B5-1446-4DDA-9EF7-114EBB1BA2E2}.Release|Any CPU.ActiveCfg = Release|Any CPU
		{F84149B5-1446-4DDA-9EF7-114EBB1BA2E2}.Release|Any CPU.Build.0 = Release|Any CPU
		{35ED8F09-5DEC-43A7-B9AC-08F5CE56EA64}.Debug|Any CPU.ActiveCfg = Debug|Any CPU
		{35ED8F09-5DEC-43A7-B9AC-08F5CE56EA64}.Debug|Any CPU.Build.0 = Debug|Any CPU
		{35ED8F09-5DEC-43A7-B9AC-08F5CE56EA64}.Release|Any CPU.ActiveCfg = Release|Any CPU
		{35ED8F09-5DEC-43A7-B9AC-08F5CE56EA64}.Release|Any CPU.Build.0 = Release|Any CPU
		{23F6C5A7-6887-4BF5-9861-7C8BCB8F2F4F}.Debug|Any CPU.ActiveCfg = Debug|Any CPU
		{23F6C5A7-6887-4BF5-9861-7C8BCB8F2F4F}.Debug|Any CPU.Build.0 = Debug|Any CPU
		{23F6C5A7-6887-4BF5-9861-7C8BCB8F2F4F}.Release|Any CPU.ActiveCfg = Release|Any CPU
		{23F6C5A7-6887-4BF5-9861-7C8BCB8F2F4F}.Release|Any CPU.Build.0 = Release|Any CPU
		{D869749B-6842-4D9A-9269-65C6CC9B7D16}.Debug|Any CPU.ActiveCfg = Debug|Any CPU
		{D869749B-6842-4D9A-9269-65C6CC9B7D16}.Debug|Any CPU.Build.0 = Debug|Any CPU
		{D869749B-6842-4D9A-9269-65C6CC9B7D16}.Release|Any CPU.ActiveCfg = Release|Any CPU
		{D869749B-6842-4D9A-9269-65C6CC9B7D16}.Release|Any CPU.Build.0 = Release|Any CPU
		{0841D5B3-2405-4BB0-8336-9279298188CA}.Debug|Any CPU.ActiveCfg = Debug|Any CPU
		{0841D5B3-2405-4BB0-8336-9279298188CA}.Debug|Any CPU.Build.0 = Debug|Any CPU
		{0841D5B3-2405-4BB0-8336-9279298188CA}.Release|Any CPU.ActiveCfg = Release|Any CPU
		{0841D5B3-2405-4BB0-8336-9279298188CA}.Release|Any CPU.Build.0 = Release|Any CPU
	EndGlobalSection
	GlobalSection(SolutionProperties) = preSolution
		HideSolutionNode = FALSE
	EndGlobalSection
	GlobalSection(NestedProjects) = preSolution
		{A6E448DB-A69D-465A-9F74-AC52C435098E} = {6BB7CEDC-1D6D-4EC4-8918-E26996DC49BA}
		{38541CDD-2E93-4E48-B3C1-BA27B75DBDA3} = {6BB7CEDC-1D6D-4EC4-8918-E26996DC49BA}
		{7EE680C3-0D5F-4579-8FEF-27447E6D85A8} = {6BB7CEDC-1D6D-4EC4-8918-E26996DC49BA}
		{F46B4DCC-4221-47E4-915E-CAE6F0E05999} = {6A5A0052-3E54-4013-90F6-5E2CDE2B0560}
		{3F305DD6-4B92-4BBB-9F08-82120F182578} = {6A5A0052-3E54-4013-90F6-5E2CDE2B0560}
		{05596606-77A6-4571-B57F-171864B4DE5D} = {6A5A0052-3E54-4013-90F6-5E2CDE2B0560}
		{B645CB2F-3ADB-4131-9793-5D3BB175E956} = {5D154E58-A1F5-42AD-8AA2-C364BBA03208}
		{EF01CDFB-E456-425D-BFD0-22C6B54B7004} = {5D154E58-A1F5-42AD-8AA2-C364BBA03208}
		{FD091DF9-A4C9-437D-B54D-C9360752695C} = {5D154E58-A1F5-42AD-8AA2-C364BBA03208}
		{ADF34BC1-2D47-4214-899E-323C0C747EC7} = {19B55D75-E36D-446B-8FBA-B873453FF7F4}
		{F84149B5-1446-4DDA-9EF7-114EBB1BA2E2} = {19B55D75-E36D-446B-8FBA-B873453FF7F4}
		{35ED8F09-5DEC-43A7-B9AC-08F5CE56EA64} = {19B55D75-E36D-446B-8FBA-B873453FF7F4}
		{23F6C5A7-6887-4BF5-9861-7C8BCB8F2F4F} = {C0E5D80A-C70F-4BF1-B5BD-D3A698E03DE5}
		{D869749B-6842-4D9A-9269-65C6CC9B7D16} = {C0E5D80A-C70F-4BF1-B5BD-D3A698E03DE5}
		{0841D5B3-2405-4BB0-8336-9279298188CA} = {C0E5D80A-C70F-4BF1-B5BD-D3A698E03DE5}
	EndGlobalSection
	GlobalSection(ExtensibilityGlobals) = postSolution
		SolutionGuid = {BE3A57D8-3E38-4C99-96B3-A2CA0A8530F3}
	EndGlobalSection
EndGlobal
